
Microsoft Visual Studio Solution File, Format Version 10.00
# Visual Studio 2008
Project("{F184B08F-C81C-45F6-A57F-5ABD9991F28F}") = "AP_Personal", "AP_Personal.vbproj", "{2D6860EF-8288-4C4E-AEE0-BFC106CDC78D}"
EndProject
Global
	GlobalSection(SolutionConfigurationPlatforms) = preSolution
		Debug|Any CPU = Debug|Any CPU
		Release|Any CPU = Release|Any CPU
	EndGlobalSection
	GlobalSection(ProjectConfigurationPlatforms) = postSolution
		{2D6860EF-8288-4C4E-AEE0-BFC106CDC78D}.Debug|Any CPU.ActiveCfg = Debug|Any CPU
		{2D6860EF-8288-4C4E-AEE0-BFC106CDC78D}.Debug|Any CPU.Build.0 = Debug|Any CPU
		{2D6860EF-8288-4C4E-AEE0-BFC106CDC78D}.Release|Any CPU.ActiveCfg = Release|Any CPU
		{2D6860EF-8288-4C4E-AEE0-BFC106CDC78D}.Release|Any CPU.Build.0 = Release|Any CPU
	EndGlobalSection
	GlobalSection(SolutionProperties) = preSolution
		HideSolutionNode = FALSE
	EndGlobalSection
EndGlobal
